// !$*UTF8*$!
{
	archiveVersion = 1;
	classes = {
	};
	objectVersion = 56;
	objects = {

/* Begin PBXBuildFile section */
		739F7FFE2BAB476A00FDB9EB /* AppDelegate.swift in Sources */ = {isa = PBXBuildFile; fileRef = 739F7FFD2BAB476A00FDB9EB /* AppDelegate.swift */; };
		739F80002BAB476A00FDB9EB /* SceneDelegate.swift in Sources */ = {isa = PBXBuildFile; fileRef = 739F7FFF2BAB476A00FDB9EB /* SceneDelegate.swift */; };
		739F80022BAB476A00FDB9EB /* ViewController.swift in Sources */ = {isa = PBXBuildFile; fileRef = 739F80012BAB476A00FDB9EB /* ViewController.swift */; };
		739F80052BAB476A00FDB9EB /* Base in Resources */ = {isa = PBXBuildFile; fileRef = 739F80042BAB476A00FDB9EB /* Base */; };
		739F80072BAB476C00FDB9EB /* Assets.xcassets in Resources */ = {isa = PBXBuildFile; fileRef = 739F80062BAB476C00FDB9EB /* Assets.xcassets */; };
		739F800A2BAB476C00FDB9EB /* Base in Resources */ = {isa = PBXBuildFile; fileRef = 739F80092BAB476C00FDB9EB /* Base */; };
		739F80152BAB476C00FDB9EB /* LoginTests.swift in Sources */ = {isa = PBXBuildFile; fileRef = 739F80142BAB476C00FDB9EB /* LoginTests.swift */; };
		739F801F2BAB476C00FDB9EB /* LoginUITests.swift in Sources */ = {isa = PBXBuildFile; fileRef = 739F801E2BAB476C00FDB9EB /* LoginUITests.swift */; };
		739F80212BAB476C00FDB9EB /* LoginUITestsLaunchTests.swift in Sources */ = {isa = PBXBuildFile; fileRef = 739F80202BAB476C00FDB9EB /* LoginUITestsLaunchTests.swift */; };
/* End PBXBuildFile section */

/* Begin PBXContainerItemProxy section */
		739F80112BAB476C00FDB9EB /* PBXContainerItemProxy */ = {
			isa = PBXContainerItemProxy;
			containerPortal = 739F7FF22BAB476A00FDB9EB /* Project object */;
			proxyType = 1;
			remoteGlobalIDString = 739F7FF92BAB476A00FDB9EB;
			remoteInfo = Login;
		};
		739F801B2BAB476C00FDB9EB /* PBXContainerItemProxy */ = {
			isa = PBXContainerItemProxy;
			containerPortal = 739F7FF22BAB476A00FDB9EB /* Project object */;
			proxyType = 1;
			remoteGlobalIDString = 739F7FF92BAB476A00FDB9EB;
			remoteInfo = Login;
		};
/* End PBXContainerItemProxy section */

/* Begin PBXFileReference section */
		739F7FFA2BAB476A00FDB9EB /* Actividad 7 IOS.app */ = {isa = PBXFileReference; explicitFileType = wrapper.application; includeInIndex = 0; path = "Actividad 7 IOS.app"; sourceTree = BUILT_PRODUCTS_DIR; };
		739F7FFD2BAB476A00FDB9EB /* AppDelegate.swift */ = {isa = PBXFileReference; lastKnownFileType = sourcecode.swift; path = AppDelegate.swift; sourceTree = "<group>"; };
		739F7FFF2BAB476A00FDB9EB /* SceneDelegate.swift */ = {isa = PBXFileReference; lastKnownFileType = sourcecode.swift; path = SceneDelegate.swift; sourceTree = "<group>"; };
		739F80012BAB476A00FDB9EB /* ViewController.swift */ = {isa = PBXFileReference; lastKnownFileType = sourcecode.swift; path = ViewController.swift; sourceTree = "<group>"; };
		739F80042BAB476A00FDB9EB /* Base */ = {isa = PBXFileReference; lastKnownFileType = file.storyboard; name = Base; path = Base.lproj/Main.storyboard; sourceTree = "<group>"; };
		739F80062BAB476C00FDB9EB /* Assets.xcassets */ = {isa = PBXFileReference; lastKnownFileType = folder.assetcatalog; path = Assets.xcassets; sourceTree = "<group>"; };
		739F80092BAB476C00FDB9EB /* Base */ = {isa = PBXFileReference; lastKnownFileType = file.storyboard; name = Base; path = Base.lproj/LaunchScreen.storyboard; sourceTree = "<group>"; };
		739F800B2BAB476C00FDB9EB /* Info.plist */ = {isa = PBXFileReference; lastKnownFileType = text.plist.xml; path = Info.plist; sourceTree = "<group>"; };
		739F80102BAB476C00FDB9EB /* Actividad 7 IOSTests.xctest */ = {isa = PBXFileReference; explicitFileType = wrapper.cfbundle; includeInIndex = 0; path = "Actividad 7 IOSTests.xctest"; sourceTree = BUILT_PRODUCTS_DIR; };
		739F80142BAB476C00FDB9EB /* LoginTests.swift */ = {isa = PBXFileReference; lastKnownFileType = sourcecode.swift; path = LoginTests.swift; sourceTree = "<group>"; };
		739F801A2BAB476C00FDB9EB /* Actividad 7 IOSUITests.xctest */ = {isa = PBXFileReference; explicitFileType = wrapper.cfbundle; includeInIndex = 0; path = "Actividad 7 IOSUITests.xctest"; sourceTree = BUILT_PRODUCTS_DIR; };
		739F801E2BAB476C00FDB9EB /* LoginUITests.swift */ = {isa = PBXFileReference; lastKnownFileType = sourcecode.swift; path = LoginUITests.swift; sourceTree = "<group>"; };
		739F80202BAB476C00FDB9EB /* LoginUITestsLaunchTests.swift */ = {isa = PBXFileReference; lastKnownFileType = sourcecode.swift; path = LoginUITestsLaunchTests.swift; sourceTree = "<group>"; };
/* End PBXFileReference section */

/* Begin PBXFrameworksBuildPhase section */
		739F7FF72BAB476A00FDB9EB /* Frameworks */ = {
			isa = PBXFrameworksBuildPhase;
			buildActionMask = 2147483647;
			files = (
			);
			runOnlyForDeploymentPostprocessing = 0;
		};
		739F800D2BAB476C00FDB9EB /* Frameworks */ = {
			isa = PBXFrameworksBuildPhase;
			buildActionMask = 2147483647;
			files = (
			);
			runOnlyForDeploymentPostprocessing = 0;
		};
		739F80172BAB476C00FDB9EB /* Frameworks */ = {
			isa = PBXFrameworksBuildPhase;
			buildActionMask = 2147483647;
			files = (
			);
			runOnlyForDeploymentPostprocessing = 0;
		};
/* End PBXFrameworksBuildPhase section */

/* Begin PBXGroup section */
		739F7FF12BAB476A00FDB9EB = {
			isa = PBXGroup;
			children = (
				739F7FFC2BAB476A00FDB9EB /* Login */,
				739F80132BAB476C00FDB9EB /* LoginTests */,
				739F801D2BAB476C00FDB9EB /* LoginUITests */,
				739F7FFB2BAB476A00FDB9EB /* Products */,
			);
			sourceTree = "<group>";
		};
		739F7FFB2BAB476A00FDB9EB /* Products */ = {
			isa = PBXGroup;
			children = (
				739F7FFA2BAB476A00FDB9EB /* Actividad 7 IOS.app */,
				739F80102BAB476C00FDB9EB /* Actividad 7 IOSTests.xctest */,
				739F801A2BAB476C00FDB9EB /* Actividad 7 IOSUITests.xctest */,
			);
			name = Products;
			sourceTree = "<group>";
		};
		739F7FFC2BAB476A00FDB9EB /* Login */ = {
			isa = PBXGroup;
			children = (
				739F7FFD2BAB476A00FDB9EB /* AppDelegate.swift */,
				739F7FFF2BAB476A00FDB9EB /* SceneDelegate.swift */,
				739F80012BAB476A00FDB9EB /* ViewController.swift */,
				739F80032BAB476A00FDB9EB /* Main.storyboard */,
				739F80062BAB476C00FDB9EB /* Assets.xcassets */,
				739F80082BAB476C00FDB9EB /* LaunchScreen.storyboard */,
				739F800B2BAB476C00FDB9EB /* Info.plist */,
			);
			path = Login;
			sourceTree = "<group>";
		};
		739F80132BAB476C00FDB9EB /* LoginTests */ = {
			isa = PBXGroup;
			children = (
				739F80142BAB476C00FDB9EB /* LoginTests.swift */,
			);
			path = LoginTests;
			sourceTree = "<group>";
		};
		739F801D2BAB476C00FDB9EB /* LoginUITests */ = {
			isa = PBXGroup;
			children = (
				739F801E2BAB476C00FDB9EB /* LoginUITests.swift */,
				739F80202BAB476C00FDB9EB /* LoginUITestsLaunchTests.swift */,
			);
			path = LoginUITests;
			sourceTree = "<group>";
		};
/* End PBXGroup section */

/* Begin PBXNativeTarget section */
		739F7FF92BAB476A00FDB9EB /* Actividad 7 IOS */ = {
			isa = PBXNativeTarget;
			buildConfigurationList = 739F80242BAB476C00FDB9EB /* Build configuration list for PBXNativeTarget "Actividad 7 IOS" */;
			buildPhases = (
				739F7FF62BAB476A00FDB9EB /* Sources */,
				739F7FF72BAB476A00FDB9EB /* Frameworks */,
				739F7FF82BAB476A00FDB9EB /* Resources */,
			);
			buildRules = (
			);
			dependencies = (
			);
			name = "Actividad 7 IOS";
			productName = Login;
			productReference = 739F7FFA2BAB476A00FDB9EB /* Actividad 7 IOS.app */;
			productType = "com.apple.product-type.application";
		};
		739F800F2BAB476C00FDB9EB /* Actividad 7 IOSTests */ = {
			isa = PBXNativeTarget;
			buildConfigurationList = 739F80272BAB476C00FDB9EB /* Build configuration list for PBXNativeTarget "Actividad 7 IOSTests" */;
			buildPhases = (
				739F800C2BAB476C00FDB9EB /* Sources */,
				739F800D2BAB476C00FDB9EB /* Frameworks */,
				739F800E2BAB476C00FDB9EB /* Resources */,
			);
			buildRules = (
			);
			dependencies = (
				739F80122BAB476C00FDB9EB /* PBXTargetDependency */,
			);
			name = "Actividad 7 IOSTests";
			productName = LoginTests;
			productReference = 739F80102BAB476C00FDB9EB /* Actividad 7 IOSTests.xctest */;
			productType = "com.apple.product-type.bundle.unit-test";
		};
		739F80192BAB476C00FDB9EB /* Actividad 7 IOSUITests */ = {
			isa = PBXNativeTarget;
			buildConfigurationList = 739F802A2BAB476C00FDB9EB /* Build configuration list for PBXNativeTarget "Actividad 7 IOSUITests" */;
			buildPhases = (
				739F80162BAB476C00FDB9EB /* Sources */,
				739F80172BAB476C00FDB9EB /* Frameworks */,
				739F80182BAB476C00FDB9EB /* Resources */,
			);
			buildRules = (
			);
			dependencies = (
				739F801C2BAB476C00FDB9EB /* PBXTargetDependency */,
			);
			name = "Actividad 7 IOSUITests";
			productName = LoginUITests;
			productReference = 739F801A2BAB476C00FDB9EB /* Actividad 7 IOSUITests.xctest */;
			productType = "com.apple.product-type.bundle.ui-testing";
		};
/* End PBXNativeTarget section */

/* Begin PBXProject section */
		739F7FF22BAB476A00FDB9EB /* Project object */ = {
			isa = PBXProject;
			attributes = {
				BuildIndependentTargetsInParallel = 1;
				LastSwiftUpdateCheck = 1530;
				LastUpgradeCheck = 1530;
				TargetAttributes = {
					739F7FF92BAB476A00FDB9EB = {
						CreatedOnToolsVersion = 15.3;
					};
					739F800F2BAB476C00FDB9EB = {
						CreatedOnToolsVersion = 15.3;
						TestTargetID = 739F7FF92BAB476A00FDB9EB;
					};
					739F80192BAB476C00FDB9EB = {
						CreatedOnToolsVersion = 15.3;
						TestTargetID = 739F7FF92BAB476A00FDB9EB;
					};
				};
			};
			buildConfigurationList = 739F7FF52BAB476A00FDB9EB /* Build configuration list for PBXProject "Actividad 7 IOS" */;
			compatibilityVersion = "Xcode 14.0";
			developmentRegion = en;
			hasScannedForEncodings = 0;
			knownRegions = (
				en,
				Base,
			);
			mainGroup = 739F7FF12BAB476A00FDB9EB;
			productRefGroup = 739F7FFB2BAB476A00FDB9EB /* Products */;
			projectDirPath = "";
			projectRoot = "";
			targets = (
				739F7FF92BAB476A00FDB9EB /* Actividad 7 IOS */,
				739F800F2BAB476C00FDB9EB /* Actividad 7 IOSTests */,
				739F80192BAB476C00FDB9EB /* Actividad 7 IOSUITests */,
			);
		};
/* End PBXProject section */

/* Begin PBXResourcesBuildPhase section */
		739F7FF82BAB476A00FDB9EB /* Resources */ = {
			isa = PBXResourcesBuildPhase;
			buildActionMask = 2147483647;
			files = (
				739F80072BAB476C00FDB9EB /* Assets.xcassets in Resources */,
				739F800A2BAB476C00FDB9EB /* Base in Resources */,
				739F80052BAB476A00FDB9EB /* Base in Resources */,
			);
			runOnlyForDeploymentPostprocessing = 0;
		};
		739F800E2BAB476C00FDB9EB /* Resources */ = {
			isa = PBXResourcesBuildPhase;
			buildActionMask = 2147483647;
			files = (
			);
			runOnlyForDeploymentPostprocessing = 0;
		};
		739F80182BAB476C00FDB9EB /* Resources */ = {
			isa = PBXResourcesBuildPhase;
			buildActionMask = 2147483647;
			files = (
			);
			runOnlyForDeploymentPostprocessing = 0;
		};
/* End PBXResourcesBuildPhase section */

/* Begin PBXSourcesBuildPhase section */
		739F7FF62BAB476A00FDB9EB /* Sources */ = {
			isa = PBXSourcesBuildPhase;
			buildActionMask = 2147483647;
			files = (
				739F80022BAB476A00FDB9EB /* ViewController.swift in Sources */,
				739F7FFE2BAB476A00FDB9EB /* AppDelegate.swift in Sources */,
				739F80002BAB476A00FDB9EB /* SceneDelegate.swift in Sources */,
			);
			runOnlyForDeploymentPostprocessing = 0;
		};
		739F800C2BAB476C00FDB9EB /* Sources */ = {
			isa = PBXSourcesBuildPhase;
			buildActionMask = 2147483647;
			files = (
				739F80152BAB476C00FDB9EB /* LoginTests.swift in Sources */,
			);
			runOnlyForDeploymentPostprocessing = 0;
		};
		739F80162BAB476C00FDB9EB /* Sources */ = {
			isa = PBXSourcesBuildPhase;
			buildActionMask = 2147483647;
			files = (
				739F80212BAB476C00FDB9EB /* LoginUITestsLaunchTests.swift in Sources */,
				739F801F2BAB476C00FDB9EB /* LoginUITests.swift in Sources */,
			);
			runOnlyForDeploymentPostprocessing = 0;
		};
/* End PBXSourcesBuildPhase section */

/* Begin PBXTargetDependency section */
		739F80122BAB476C00FDB9EB /* PBXTargetDependency */ = {
			isa = PBXTargetDependency;
			target = 739F7FF92BAB476A00FDB9EB /* Actividad 7 IOS */;
			targetProxy = 739F80112BAB476C00FDB9EB /* PBXContainerItemProxy */;
		};
		739F801C2BAB476C00FDB9EB /* PBXTargetDependency */ = {
			isa = PBXTargetDependency;
			target = 739F7FF92BAB476A00FDB9EB /* Actividad 7 IOS */;
			targetProxy = 739F801B2BAB476C00FDB9EB /* PBXContainerItemProxy */;
		};
/* End PBXTargetDependency section */

/* Begin PBXVariantGroup section */
		739F80032BAB476A00FDB9EB /* Main.storyboard */ = {
			isa = PBXVariantGroup;
			children = (
				739F80042BAB476A00FDB9EB /* Base */,
			);
			name = Main.storyboard;
			sourceTree = "<group>";
		};
		739F80082BAB476C00FDB9EB /* LaunchScreen.storyboard */ = {
			isa = PBXVariantGroup;
			children = (
				739F80092BAB476C00FDB9EB /* Base */,
			);
			name = LaunchScreen.storyboard;
			sourceTree = "<group>";
		};
/* End PBXVariantGroup section */

/* Begin XCBuildConfiguration section */
		739F80222BAB476C00FDB9EB /* Debug */ = {
			isa = XCBuildConfiguration;
			buildSettings = {
				ALWAYS_SEARCH_USER_PATHS = NO;
				ASSETCATALOG_COMPILER_GENERATE_SWIFT_ASSET_SYMBOL_EXTENSIONS = YES;
				CLANG_ANALYZER_NONNULL = YES;
				CLANG_ANALYZER_NUMBER_OBJECT_CONVERSION = YES_AGGRESSIVE;
				CLANG_CXX_LANGUAGE_STANDARD = "gnu++20";
				CLANG_ENABLE_MODULES = YES;
				CLANG_ENABLE_OBJC_ARC = YES;
				CLANG_ENABLE_OBJC_WEAK = YES;
				CLANG_WARN_BLOCK_CAPTURE_AUTORELEASING = YES;
				CLANG_WARN_BOOL_CONVERSION = YES;
				CLANG_WARN_COMMA = YES;
				CLANG_WARN_CONSTANT_CONVERSION = YES;
				CLANG_WARN_DEPRECATED_OBJC_IMPLEMENTATIONS = YES;
				CLANG_WARN_DIRECT_OBJC_ISA_USAGE = YES_ERROR;
				CLANG_WARN_DOCUMENTATION_COMMENTS = YES;
				CLANG_WARN_EMPTY_BODY = YES;
				CLANG_WARN_ENUM_CONVERSION = YES;
				CLANG_WARN_INFINITE_RECURSION = YES;
				CLANG_WARN_INT_CONVERSION = YES;
				CLANG_WARN_NON_LITERAL_NULL_CONVERSION = YES;
				CLANG_WARN_OBJC_IMPLICIT_RETAIN_SELF = YES;
				CLANG_WARN_OBJC_LITERAL_CONVERSION = YES;
				CLANG_WARN_OBJC_ROOT_CLASS = YES_ERROR;
				CLANG_WARN_QUOTED_INCLUDE_IN_FRAMEWORK_HEADER = YES;
				CLANG_WARN_RANGE_LOOP_ANALYSIS = YES;
				CLANG_WARN_STRICT_PROTOTYPES = YES;
				CLANG_WARN_SUSPICIOUS_MOVE = YES;
				CLANG_WARN_UNGUARDED_AVAILABILITY = YES_AGGRESSIVE;
				CLANG_WARN_UNREACHABLE_CODE = YES;
				CLANG_WARN__DUPLICATE_METHOD_MATCH = YES;
				COPY_PHASE_STRIP = NO;
				DEBUG_INFORMATION_FORMAT = dwarf;
				ENABLE_STRICT_OBJC_MSGSEND = YES;
				ENABLE_TESTABILITY = YES;
				ENABLE_USER_SCRIPT_SANDBOXING = YES;
				GCC_C_LANGUAGE_STANDARD = gnu17;
				GCC_DYNAMIC_NO_PIC = NO;
				GCC_NO_COMMON_BLOCKS = YES;
				GCC_OPTIMIZATION_LEVEL = 0;
				GCC_PREPROCESSOR_DEFINITIONS = (
					"DEBUG=1",
					"$(inherited)",
				);
				GCC_WARN_64_TO_32_BIT_CONVERSION = YES;
				GCC_WARN_ABOUT_RETURN_TYPE = YES_ERROR;
				GCC_WARN_UNDECLARED_SELECTOR = YES;
				GCC_WARN_UNINITIALIZED_AUTOS = YES_AGGRESSIVE;
				GCC_WARN_UNUSED_FUNCTION = YES;
				GCC_WARN_UNUSED_VARIABLE = YES;
				IPHONEOS_DEPLOYMENT_TARGET = 17.4;
				LOCALIZATION_PREFERS_STRING_CATALOGS = YES;
				MTL_ENABLE_DEBUG_INFO = INCLUDE_SOURCE;
				MTL_FAST_MATH = YES;
				ONLY_ACTIVE_ARCH = YES;
				SDKROOT = iphoneos;
				SWIFT_ACTIVE_COMPILATION_CONDITIONS = "DEBUG $(inherited)";
				SWIFT_OPTIMIZATION_LEVEL = "-Onone";
			};
			name = Debug;
		};
		739F80232BAB476C00FDB9EB /* Release */ = {
			isa = XCBuildConfiguration;
			buildSettings = {
				ALWAYS_SEARCH_USER_PATHS = NO;
				ASSETCATALOG_COMPILER_GENERATE_SWIFT_ASSET_SYMBOL_EXTENSIONS = YES;
				CLANG_ANALYZER_NONNULL = YES;
				CLANG_ANALYZER_NUMBER_OBJECT_CONVERSION = YES_AGGRESSIVE;
				CLANG_CXX_LANGUAGE_STANDARD = "gnu++20";
				CLANG_ENABLE_MODULES = YES;
				CLANG_ENABLE_OBJC_ARC = YES;
				CLANG_ENABLE_OBJC_WEAK = YES;
				CLANG_WARN_BLOCK_CAPTURE_AUTORELEASING = YES;
				CLANG_WARN_BOOL_CONVERSION = YES;
				CLANG_WARN_COMMA = YES;
				CLANG_WARN_CONSTANT_CONVERSION = YES;
				CLANG_WARN_DEPRECATED_OBJC_IMPLEMENTATIONS = YES;
				CLANG_WARN_DIRECT_OBJC_ISA_USAGE = YES_ERROR;
				CLANG_WARN_DOCUMENTATION_COMMENTS = YES;
				CLANG_WARN_EMPTY_BODY = YES;
				CLANG_WARN_ENUM_CONVERSION = YES;
				CLANG_WARN_INFINITE_RECURSION = YES;
				CLANG_WARN_INT_CONVERSION = YES;
				CLANG_WARN_NON_LITERAL_NULL_CONVERSION = YES;
				CLANG_WARN_OBJC_IMPLICIT_RETAIN_SELF = YES;
				CLANG_WARN_OBJC_LITERAL_CONVERSION = YES;
				CLANG_WARN_OBJC_ROOT_CLASS = YES_ERROR;
				CLANG_WARN_QUOTED_INCLUDE_IN_FRAMEWORK_HEADER = YES;
				CLANG_WARN_RANGE_LOOP_ANALYSIS = YES;
				CLANG_WARN_STRICT_PROTOTYPES = YES;
				CLANG_WARN_SUSPICIOUS_MOVE = YES;
				CLANG_WARN_UNGUARDED_AVAILABILITY = YES_AGGRESSIVE;
				CLANG_WARN_UNREACHABLE_CODE = YES;
				CLANG_WARN__DUPLICATE_METHOD_MATCH = YES;
				COPY_PHASE_STRIP = NO;
				DEBUG_INFORMATION_FORMAT = "dwarf-with-dsym";
				ENABLE_NS_ASSERTIONS = NO;
				ENABLE_STRICT_OBJC_MSGSEND = YES;
				ENABLE_USER_SCRIPT_SANDBOXING = YES;
				GCC_C_LANGUAGE_STANDARD = gnu17;
				GCC_NO_COMMON_BLOCKS = YES;
				GCC_WARN_64_TO_32_BIT_CONVERSION = YES;
				GCC_WARN_ABOUT_RETURN_TYPE = YES_ERROR;
				GCC_WARN_UNDECLARED_SELECTOR = YES;
				GCC_WARN_UNINITIALIZED_AUTOS = YES_AGGRESSIVE;
				GCC_WARN_UNUSED_FUNCTION = YES;
				GCC_WARN_UNUSED_VARIABLE = YES;
				IPHONEOS_DEPLOYMENT_TARGET = 17.4;
				LOCALIZATION_PREFERS_STRING_CATALOGS = YES;
				MTL_ENABLE_DEBUG_INFO = NO;
				MTL_FAST_MATH = YES;
				SDKROOT = iphoneos;
				SWIFT_COMPILATION_MODE = wholemodule;
				VALIDATE_PRODUCT = YES;
			};
			name = Release;
		};
		739F80252BAB476C00FDB9EB /* Debug */ = {
			isa = XCBuildConfiguration;
			buildSettings = {
				ASSETCATALOG_COMPILER_APPICON_NAME = AppIcon;
				ASSETCATALOG_COMPILER_GLOBAL_ACCENT_COLOR_NAME = AccentColor;
				CODE_SIGN_STYLE = Automatic;
				CURRENT_PROJECT_VERSION = 1;
				DEVELOPMENT_TEAM = BUN2CPR6WT;
				GENERATE_INFOPLIST_FILE = YES;
				INFOPLIST_FILE = Login/Info.plist;
				INFOPLIST_KEY_UIApplicationSupportsIndirectInputEvents = YES;
				INFOPLIST_KEY_UILaunchStoryboardName = LaunchScreen;
				INFOPLIST_KEY_UIMainStoryboardFile = Main;
				INFOPLIST_KEY_UISupportedInterfaceOrientations_iPad = "UIInterfaceOrientationPortrait UIInterfaceOrientationPortraitUpsideDown UIInterfaceOrientationLandscapeLeft UIInterfaceOrientationLandscapeRight";
				INFOPLIST_KEY_UISupportedInterfaceOrientations_iPhone = "UIInterfaceOrientationPortrait UIInterfaceOrientationLandscapeLeft UIInterfaceOrientationLandscapeRight";
				LD_RUNPATH_SEARCH_PATHS = (
					"$(inherited)",
					"@executable_path/Frameworks",
				);
				MARKETING_VERSION = 1.0;
				PRODUCT_BUNDLE_IDENTIFIER = Mari.Login;
				PRODUCT_NAME = "$(TARGET_NAME)";
				SWIFT_EMIT_LOC_STRINGS = YES;
				SWIFT_VERSION = 5.0;
				TARGETED_DEVICE_FAMILY = "1,2";
			};
			name = Debug;
		};
		739F80262BAB476C00FDB9EB /* Release */ = {
			isa = XCBuildConfiguration;
			buildSettings = {
				ASSETCATALOG_COMPILER_APPICON_NAME = AppIcon;
				ASSETCATALOG_COMPILER_GLOBAL_ACCENT_COLOR_NAME = AccentColor;
				CODE_SIGN_STYLE = Automatic;
				CURRENT_PROJECT_VERSION = 1;
				DEVELOPMENT_TEAM = BUN2CPR6WT;
				GENERATE_INFOPLIST_FILE = YES;
				INFOPLIST_FILE = Login/Info.plist;
				INFOPLIST_KEY_UIApplicationSupportsIndirectInputEvents = YES;
				INFOPLIST_KEY_UILaunchStoryboardName = LaunchScreen;
				INFOPLIST_KEY_UIMainStoryboardFile = Main;
				INFOPLIST_KEY_UISupportedInterfaceOrientations_iPad = "UIInterfaceOrientationPortrait UIInterfaceOrientationPortraitUpsideDown UIInterfaceOrientationLandscapeLeft UIInterfaceOrientationLandscapeRight";
				INFOPLIST_KEY_UISupportedInterfaceOrientations_iPhone = "UIInterfaceOrientationPortrait UIInterfaceOrientationLandscapeLeft UIInterfaceOrientationLandscapeRight";
				LD_RUNPATH_SEARCH_PATHS = (
					"$(inherited)",
					"@executable_path/Frameworks",
				);
				MARKETING_VERSION = 1.0;
				PRODUCT_BUNDLE_IDENTIFIER = Mari.Login;
				PRODUCT_NAME = "$(TARGET_NAME)";
				SWIFT_EMIT_LOC_STRINGS = YES;
				SWIFT_VERSION = 5.0;
				TARGETED_DEVICE_FAMILY = "1,2";
			};
			name = Release;
		};
		739F80282BAB476C00FDB9EB /* Debug */ = {
			isa = XCBuildConfiguration;
			buildSettings = {
				ALWAYS_EMBED_SWIFT_STANDARD_LIBRARIES = YES;
				BUNDLE_LOADER = "$(TEST_HOST)";
				CODE_SIGN_STYLE = Automatic;
				CURRENT_PROJECT_VERSION = 1;
				GENERATE_INFOPLIST_FILE = YES;
				IPHONEOS_DEPLOYMENT_TARGET = 17.4;
				MARKETING_VERSION = 1.0;
				PRODUCT_BUNDLE_IDENTIFIER = azael.LoginTests;
				PRODUCT_NAME = "$(TARGET_NAME)";
				SWIFT_EMIT_LOC_STRINGS = NO;
				SWIFT_VERSION = 5.0;
				TARGETED_DEVICE_FAMILY = "1,2";
				TEST_HOST = "$(BUILT_PRODUCTS_DIR)/Actividad 7 IOS.app/$(BUNDLE_EXECUTABLE_FOLDER_PATH)/Actividad 7 IOS";
			};
			name = Debug;
		};
		739F80292BAB476C00FDB9EB /* Release */ = {
			isa = XCBuildConfiguration;
			buildSettings = {
				ALWAYS_EMBED_SWIFT_STANDARD_LIBRARIES = YES;
				BUNDLE_LOADER = "$(TEST_HOST)";
				CODE_SIGN_STYLE = Automatic;
				CURRENT_PROJECT_VERSION = 1;
				GENERATE_INFOPLIST_FILE = YES;
				IPHONEOS_DEPLOYMENT_TARGET = 17.4;
				MARKETING_VERSION = 1.0;
				PRODUCT_BUNDLE_IDENTIFIER = azael.LoginTests;
				PRODUCT_NAME = "$(TARGET_NAME)";
				SWIFT_EMIT_LOC_STRINGS = NO;
				SWIFT_VERSION = 5.0;
				TARGETED_DEVICE_FAMILY = "1,2";
				TEST_HOST = "$(BUILT_PRODUCTS_DIR)/Actividad 7 IOS.app/$(BUNDLE_EXECUTABLE_FOLDER_PATH)/Actividad 7 IOS";
			};
			name = Release;
		};
		739F802B2BAB476C00FDB9EB /* Debug */ = {
			isa = XCBuildConfiguration;
			buildSettings = {
				ALWAYS_EMBED_SWIFT_STANDARD_LIBRARIES = YES;
				CODE_SIGN_STYLE = Automatic;
				CURRENT_PROJECT_VERSION = 1;
				GENERATE_INFOPLIST_FILE = YES;
				MARKETING_VERSION = 1.0;
				PRODUCT_BUNDLE_IDENTIFIER = azael.LoginUITests;
				PRODUCT_NAME = "$(TARGET_NAME)";
				SWIFT_EMIT_LOC_STRINGS = NO;
				SWIFT_VERSION = 5.0;
				TARGETED_DEVICE_FAMILY = "1,2";
				TEST_TARGET_NAME = Login;
			};
			name = Debug;
		};
		739F802C2BAB476C00FDB9EB /* Release */ = {
			isa = XCBuildConfiguration;
			buildSettings = {
				ALWAYS_EMBED_SWIFT_STANDARD_LIBRARIES = YES;
				CODE_SIGN_STYLE = Automatic;
				CURRENT_PROJECT_VERSION = 1;
				GENERATE_INFOPLIST_FILE = YES;
				MARKETING_VERSION = 1.0;
				PRODUCT_BUNDLE_IDENTIFIER = azael.LoginUITests;
				PRODUCT_NAME = "$(TARGET_NAME)";
				SWIFT_EMIT_LOC_STRINGS = NO;
				SWIFT_VERSION = 5.0;
				TARGETED_DEVICE_FAMILY = "1,2";
				TEST_TARGET_NAME = Login;
			};
			name = Release;
		};
/* End XCBuildConfiguration section */

/* Begin XCConfigurationList section */
		739F7FF52BAB476A00FDB9EB /* Build configuration list for PBXProject "Actividad 7 IOS" */ = {
			isa = XCConfigurationList;
			buildConfigurations = (
				739F80222BAB476C00FDB9EB /* Debug */,
				739F80232BAB476C00FDB9EB /* Release */,
			);
			defaultConfigurationIsVisible = 0;
			defaultConfigurationName = Release;
		};
		739F80242BAB476C00FDB9EB /* Build configuration list for PBXNativeTarget "Actividad 7 IOS" */ = {
			isa = XCConfigurationList;
			buildConfigurations = (
				739F80252BAB476C00FDB9EB /* Debug */,
				739F80262BAB476C00FDB9EB /* Release */,
			);
			defaultConfigurationIsVisible = 0;
			defaultConfigurationName = Release;
		};
		739F80272BAB476C00FDB9EB /* Build configuration list for PBXNativeTarget "Actividad 7 IOSTests" */ = {
			isa = XCConfigurationList;
			buildConfigurations = (
				739F80282BAB476C00FDB9EB /* Debug */,
				739F80292BAB476C00FDB9EB /* Release */,
			);
			defaultConfigurationIsVisible = 0;
			defaultConfigurationName = Release;
		};
		739F802A2BAB476C00FDB9EB /* Build configuration list for PBXNativeTarget "Actividad 7 IOSUITests" */ = {
			isa = XCConfigurationList;
			buildConfigurations = (
				739F802B2BAB476C00FDB9EB /* Debug */,
				739F802C2BAB476C00FDB9EB /* Release */,
			);
			defaultConfigurationIsVisible = 0;
			defaultConfigurationName = Release;
		};
/* End XCConfigurationList section */
	};
	rootObject = 739F7FF22BAB476A00FDB9EB /* Project object */;
}
